
Microsoft Visual Studio Solution File, Format Version 12.00
# Visual Studio Version 16
VisualStudioVersion = 16.0.30011.22
MinimumVisualStudioVersion = 10.0.40219.1
Project("{9A19103F-16F7-4668-BE54-9A1E7A4F7556}") = "Infustructure", "Infustructure\Infustructure.csproj", "{7E274A37-D569-4748-BF89-965BA6A6FFA7}"
EndProject
Project("{9A19103F-16F7-4668-BE54-9A1E7A4F7556}") = "Contracts", "Contracts\Contracts.csproj", "{89B68178-1D8F-4D7C-85BD-8C8B41079B9C}"
EndProject
Project("{9A19103F-16F7-4668-BE54-9A1E7A4F7556}") = "LoggingService", "LoggingService\LoggingService.csproj", "{F66CF6D2-E2C0-4D94-A864-AED414D8518F}"
EndProject
Project("{9A19103F-16F7-4668-BE54-9A1E7A4F7556}") = "Respository", "Respository\Respository.csproj", "{75A934D9-B57D-419C-A81F-90A0AC178715}"
EndProject
Project("{FAE04EC0-301F-11D3-BF4B-00C04F79EFBC}") = "WebAPI", "WebAPI\WebAPI.csproj", "{ABD72C69-D6F6-4412-BFB6-E0BD1EE6F5C6}"
EndProject
Global
	GlobalSection(SolutionConfigurationPlatforms) = preSolution
		Debug|Any CPU = Debug|Any CPU
		Release|Any CPU = Release|Any CPU
	EndGlobalSection
	GlobalSection(ProjectConfigurationPlatforms) = postSolution
		{7E274A37-D569-4748-BF89-965BA6A6FFA7}.Debug|Any CPU.ActiveCfg = Debug|Any CPU
		{7E274A37-D569-4748-BF89-965BA6A6FFA7}.Debug|Any CPU.Build.0 = Debug|Any CPU
		{7E274A37-D569-4748-BF89-965BA6A6FFA7}.Release|Any CPU.ActiveCfg = Release|Any CPU
		{7E274A37-D569-4748-BF89-965BA6A6FFA7}.Release|Any CPU.Build.0 = Release|Any CPU
		{89B68178-1D8F-4D7C-85BD-8C8B41079B9C}.Debug|Any CPU.ActiveCfg = Debug|Any CPU
		{89B68178-1D8F-4D7C-85BD-8C8B41079B9C}.Debug|Any CPU.Build.0 = Debug|Any CPU
		{89B68178-1D8F-4D7C-85BD-8C8B41079B9C}.Release|Any CPU.ActiveCfg = Release|Any CPU
		{89B68178-1D8F-4D7C-85BD-8C8B41079B9C}.Release|Any CPU.Build.0 = Release|Any CPU
		{F66CF6D2-E2C0-4D94-A864-AED414D8518F}.Debug|Any CPU.ActiveCfg = Debug|Any CPU
		{F66CF6D2-E2C0-4D94-A864-AED414D8518F}.Debug|Any CPU.Build.0 = Debug|Any CPU
		{F66CF6D2-E2C0-4D94-A864-AED414D8518F}.Release|Any CPU.ActiveCfg = Release|Any CPU
		{F66CF6D2-E2C0-4D94-A864-AED414D8518F}.Release|Any CPU.Build.0 = Release|Any CPU
		{75A934D9-B57D-419C-A81F-90A0AC178715}.Debug|Any CPU.ActiveCfg = Debug|Any CPU
		{75A934D9-B57D-419C-A81F-90A0AC178715}.Debug|Any CPU.Build.0 = Debug|Any CPU
		{75A934D9-B57D-419C-A81F-90A0AC178715}.Release|Any CPU.ActiveCfg = Release|Any CPU
		{75A934D9-B57D-419C-A81F-90A0AC178715}.Release|Any CPU.Build.0 = Release|Any CPU
		{ABD72C69-D6F6-4412-BFB6-E0BD1EE6F5C6}.Debug|Any CPU.ActiveCfg = Debug|Any CPU
		{ABD72C69-D6F6-4412-BFB6-E0BD1EE6F5C6}.Debug|Any CPU.Build.0 = Debug|Any CPU
		{ABD72C69-D6F6-4412-BFB6-E0BD1EE6F5C6}.Release|Any CPU.ActiveCfg = Release|Any CPU
		{ABD72C69-D6F6-4412-BFB6-E0BD1EE6F5C6}.Release|Any CPU.Build.0 = Release|Any CPU
	EndGlobalSection
	GlobalSection(SolutionProperties) = preSolution
		HideSolutionNode = FALSE
	EndGlobalSection
	GlobalSection(ExtensibilityGlobals) = postSolution
		SolutionGuid = {2395AF05-A36B-4137-AC4D-F6E2B3237336}
	EndGlobalSection
EndGlobal
